{
  "name": "spread-skin-arbitrage",
  "version": "2.0.0",
  "lockfileVersion": 3,
  "requires": true,
  "packages": {
    "": {
      "name": "spread-skin-arbitrage",
      "version": "2.0.0",
      "license": "MIT",
      "bin": {
        "spread": "server.js"
      },
      "engines": {
        "node": ">=16"
      }
    }
  }
}
